// !$*UTF8*$!
{
	archiveVersion = 1;
	classes = {
	};
	objectVersion = 50;
	objects = {

/* Begin PBXBuildFile section */
		BD100C7425E5031C002BC753 /* EventDetailView.swift in Sources */ = {isa = PBXBuildFile; fileRef = BD100C7325E5031C002BC753 /* EventDetailView.swift */; };
		BD3EB86925EB4E9A00A70002 /* timepage-2020-01-14.png in Resources */ = {isa = PBXBuildFile; fileRef = BD3EB86825EB4E9A00A70002 /* timepage-2020-01-14.png */; };
		BD3EB86F25EC0A5900A70002 /* MapKit.framework in Frameworks */ = {isa = PBXBuildFile; fileRef = BD3EB86E25EC0A5900A70002 /* MapKit.framework */; };
		BD79F8D325DF99C500097FA3 /* TimepageApp.swift in Sources */ = {isa = PBXBuildFile; fileRef = BD79F8D225DF99C500097FA3 /* TimepageApp.swift */; };
		BD79F8D525DF99C500097FA3 /* ContentView.swift in Sources */ = {isa = PBXBuildFile; fileRef = BD79F8D425DF99C500097FA3 /* ContentView.swift */; };
		BD79F8D725DF99C700097FA3 /* Assets.xcassets in Resources */ = {isa = PBXBuildFile; fileRef = BD79F8D625DF99C700097FA3 /* Assets.xcassets */; };
		BD79F8DA25DF99C700097FA3 /* Preview Assets.xcassets in Resources */ = {isa = PBXBuildFile; fileRef = BD79F8D925DF99C700097FA3 /* Preview Assets.xcassets */; };
		BD79F8E425DF9B9F00097FA3 /* Parameters.swift in Sources */ = {isa = PBXBuildFile; fileRef = BD79F8E325DF9B9E00097FA3 /* Parameters.swift */; };
		BD79F8EB25DF9E3400097FA3 /* MonthlyView.swift in Sources */ = {isa = PBXBuildFile; fileRef = BD79F8EA25DF9E3400097FA3 /* MonthlyView.swift */; };
		BD79F8EE25DF9E6D00097FA3 /* DailyView.swift in Sources */ = {isa = PBXBuildFile; fileRef = BD79F8ED25DF9E6D00097FA3 /* DailyView.swift */; };
		BD79F8F125DF9E9700097FA3 /* SettingsView.swift in Sources */ = {isa = PBXBuildFile; fileRef = BD79F8F025DF9E9700097FA3 /* SettingsView.swift */; };
		BD79F8F425DF9F0E00097FA3 /* Structs.swift in Sources */ = {isa = PBXBuildFile; fileRef = BD79F8F325DF9F0E00097FA3 /* Structs.swift */; };
		BD79F8F825DFC28F00097FA3 /* CalendarListView.swift in Sources */ = {isa = PBXBuildFile; fileRef = BD79F8E625DF9C4A00097FA3 /* CalendarListView.swift */; };
		BD79F90125E0210600097FA3 /* Calendar.swift in Sources */ = {isa = PBXBuildFile; fileRef = BD79F90025E0210600097FA3 /* Calendar.swift */; };
		BD79F90F25E1796E00097FA3 /* ScrollView.swift in Sources */ = {isa = PBXBuildFile; fileRef = BD79F90E25E1796E00097FA3 /* ScrollView.swift */; };
		BD79F91425E206B600097FA3 /* OnAnimationEnds.swift in Sources */ = {isa = PBXBuildFile; fileRef = BD79F91325E206B600097FA3 /* OnAnimationEnds.swift */; };
		BD79F91725E2AF2200097FA3 /* DayOverView.swift in Sources */ = {isa = PBXBuildFile; fileRef = BD79F91625E2AF2200097FA3 /* DayOverView.swift */; };
		BD8E864025E7ECCA000EBFD0 /* ClearBackgroundView.swift in Sources */ = {isa = PBXBuildFile; fileRef = BD8E863F25E7ECCA000EBFD0 /* ClearBackgroundView.swift */; };
		BDACDE4B25EB411A0094759F /* NewEventView.swift in Sources */ = {isa = PBXBuildFile; fileRef = BDACDE4A25EB411A0094759F /* NewEventView.swift */; };
/* End PBXBuildFile section */

/* Begin PBXFileReference section */
		BD100C7325E5031C002BC753 /* EventDetailView.swift */ = {isa = PBXFileReference; lastKnownFileType = sourcecode.swift; path = EventDetailView.swift; sourceTree = "<group>"; };
		BD3EB86825EB4E9A00A70002 /* timepage-2020-01-14.png */ = {isa = PBXFileReference; lastKnownFileType = image.png; path = "timepage-2020-01-14.png"; sourceTree = "<group>"; };
		BD3EB86E25EC0A5900A70002 /* MapKit.framework */ = {isa = PBXFileReference; lastKnownFileType = wrapper.framework; name = MapKit.framework; path = System/Library/Frameworks/MapKit.framework; sourceTree = SDKROOT; };
		BD79F8CF25DF99C500097FA3 /* Timepage.app */ = {isa = PBXFileReference; explicitFileType = wrapper.application; includeInIndex = 0; path = Timepage.app; sourceTree = BUILT_PRODUCTS_DIR; };
		BD79F8D225DF99C500097FA3 /* TimepageApp.swift */ = {isa = PBXFileReference; lastKnownFileType = sourcecode.swift; path = TimepageApp.swift; sourceTree = "<group>"; };
		BD79F8D425DF99C500097FA3 /* ContentView.swift */ = {isa = PBXFileReference; lastKnownFileType = sourcecode.swift; path = ContentView.swift; sourceTree = "<group>"; };
		BD79F8D625DF99C700097FA3 /* Assets.xcassets */ = {isa = PBXFileReference; lastKnownFileType = folder.assetcatalog; name = Assets.xcassets; path = Timepage/Assets.xcassets; sourceTree = SOURCE_ROOT; };
		BD79F8D925DF99C700097FA3 /* Preview Assets.xcassets */ = {isa = PBXFileReference; lastKnownFileType = folder.assetcatalog; path = "Preview Assets.xcassets"; sourceTree = "<group>"; };
		BD79F8DB25DF99C700097FA3 /* Info.plist */ = {isa = PBXFileReference; lastKnownFileType = text.plist.xml; path = Info.plist; sourceTree = "<group>"; };
		BD79F8DC25DF99C700097FA3 /* Timepage.entitlements */ = {isa = PBXFileReference; lastKnownFileType = text.plist.entitlements; path = Timepage.entitlements; sourceTree = "<group>"; };
		BD79F8E325DF9B9E00097FA3 /* Parameters.swift */ = {isa = PBXFileReference; fileEncoding = 4; lastKnownFileType = sourcecode.swift; path = Parameters.swift; sourceTree = "<group>"; };
		BD79F8E625DF9C4A00097FA3 /* CalendarListView.swift */ = {isa = PBXFileReference; lastKnownFileType = sourcecode.swift; path = CalendarListView.swift; sourceTree = "<group>"; };
		BD79F8EA25DF9E3400097FA3 /* MonthlyView.swift */ = {isa = PBXFileReference; lastKnownFileType = sourcecode.swift; path = MonthlyView.swift; sourceTree = "<group>"; };
		BD79F8ED25DF9E6D00097FA3 /* DailyView.swift */ = {isa = PBXFileReference; lastKnownFileType = sourcecode.swift; path = DailyView.swift; sourceTree = "<group>"; };
		BD79F8F025DF9E9700097FA3 /* SettingsView.swift */ = {isa = PBXFileReference; lastKnownFileType = sourcecode.swift; path = SettingsView.swift; sourceTree = "<group>"; };
		BD79F8F325DF9F0E00097FA3 /* Structs.swift */ = {isa = PBXFileReference; lastKnownFileType = sourcecode.swift; path = Structs.swift; sourceTree = "<group>"; };
		BD79F90025E0210600097FA3 /* Calendar.swift */ = {isa = PBXFileReference; lastKnownFileType = sourcecode.swift; path = Calendar.swift; sourceTree = "<group>"; };
		BD79F90E25E1796E00097FA3 /* ScrollView.swift */ = {isa = PBXFileReference; lastKnownFileType = sourcecode.swift; path = ScrollView.swift; sourceTree = "<group>"; };
		BD79F91325E206B600097FA3 /* OnAnimationEnds.swift */ = {isa = PBXFileReference; lastKnownFileType = sourcecode.swift; path = OnAnimationEnds.swift; sourceTree = "<group>"; };
		BD79F91625E2AF2200097FA3 /* DayOverView.swift */ = {isa = PBXFileReference; lastKnownFileType = sourcecode.swift; path = DayOverView.swift; sourceTree = "<group>"; };
		BD8E863F25E7ECCA000EBFD0 /* ClearBackgroundView.swift */ = {isa = PBXFileReference; lastKnownFileType = sourcecode.swift; path = ClearBackgroundView.swift; sourceTree = "<group>"; };
		BDACDE4A25EB411A0094759F /* NewEventView.swift */ = {isa = PBXFileReference; lastKnownFileType = sourcecode.swift; path = NewEventView.swift; sourceTree = "<group>"; };
/* End PBXFileReference section */

/* Begin PBXFrameworksBuildPhase section */
		BD79F8CC25DF99C500097FA3 /* Frameworks */ = {
			isa = PBXFrameworksBuildPhase;
			buildActionMask = 2147483647;
			files = (
				BD3EB86F25EC0A5900A70002 /* MapKit.framework in Frameworks */,
			);
			runOnlyForDeploymentPostprocessing = 0;
		};
/* End PBXFrameworksBuildPhase section */

/* Begin PBXGroup section */
		BD3EB86B25EB4EA000A70002 /* icon picture */ = {
			isa = PBXGroup;
			children = (
				BD3EB86825EB4E9A00A70002 /* timepage-2020-01-14.png */,
			);
			path = "icon picture";
			sourceTree = "<group>";
		};
		BD3EB86D25EC0A5900A70002 /* Frameworks */ = {
			isa = PBXGroup;
			children = (
				BD3EB86E25EC0A5900A70002 /* MapKit.framework */,
			);
			name = Frameworks;
			sourceTree = "<group>";
		};
		BD79F8C625DF99C500097FA3 = {
			isa = PBXGroup;
			children = (
				BD79F8D125DF99C500097FA3 /* Timepage */,
				BD79F8D025DF99C500097FA3 /* Products */,
				BD3EB86D25EC0A5900A70002 /* Frameworks */,
			);
			sourceTree = "<group>";
		};
		BD79F8D025DF99C500097FA3 /* Products */ = {
			isa = PBXGroup;
			children = (
				BD79F8CF25DF99C500097FA3 /* Timepage.app */,
			);
			name = Products;
			sourceTree = "<group>";
		};
		BD79F8D125DF99C500097FA3 /* Timepage */ = {
			isa = PBXGroup;
			children = (
				BD79F8D225DF99C500097FA3 /* TimepageApp.swift */,
				BD79F8D425DF99C500097FA3 /* ContentView.swift */,
				BD79F8E325DF9B9E00097FA3 /* Parameters.swift */,
				BD79F8E625DF9C4A00097FA3 /* CalendarListView.swift */,
				BD79F90025E0210600097FA3 /* Calendar.swift */,
				BD79F8EA25DF9E3400097FA3 /* MonthlyView.swift */,
				BD79F91625E2AF2200097FA3 /* DayOverView.swift */,
				BD79F91325E206B600097FA3 /* OnAnimationEnds.swift */,
				BD79F8ED25DF9E6D00097FA3 /* DailyView.swift */,
				BD100C7325E5031C002BC753 /* EventDetailView.swift */,
				BDACDE4A25EB411A0094759F /* NewEventView.swift */,
				BD79F8F025DF9E9700097FA3 /* SettingsView.swift */,
				BD8E863F25E7ECCA000EBFD0 /* ClearBackgroundView.swift */,
				BD79F8F325DF9F0E00097FA3 /* Structs.swift */,
				BD79F90E25E1796E00097FA3 /* ScrollView.swift */,
				BD79F8D625DF99C700097FA3 /* Assets.xcassets */,
				BD3EB86B25EB4EA000A70002 /* icon picture */,
				BD79F8DB25DF99C700097FA3 /* Info.plist */,
				BD79F8DC25DF99C700097FA3 /* Timepage.entitlements */,
				BD79F8D825DF99C700097FA3 /* Preview Content */,
			);
			path = Timepage;
			sourceTree = "<group>";
		};
		BD79F8D825DF99C700097FA3 /* Preview Content */ = {
			isa = PBXGroup;
			children = (
				BD79F8D925DF99C700097FA3 /* Preview Assets.xcassets */,
			);
			path = "Preview Content";
			sourceTree = "<group>";
		};
/* End PBXGroup section */

/* Begin PBXNativeTarget section */
		BD79F8CE25DF99C500097FA3 /* Timepage */ = {
			isa = PBXNativeTarget;
			buildConfigurationList = BD79F8DF25DF99C700097FA3 /* Build configuration list for PBXNativeTarget "Timepage" */;
			buildPhases = (
				BD79F8CB25DF99C500097FA3 /* Sources */,
				BD79F8CC25DF99C500097FA3 /* Frameworks */,
				BD79F8CD25DF99C500097FA3 /* Resources */,
			);
			buildRules = (
			);
			dependencies = (
			);
			name = Timepage;
			productName = Timepage;
			productReference = BD79F8CF25DF99C500097FA3 /* Timepage.app */;
			productType = "com.apple.product-type.application";
		};
/* End PBXNativeTarget section */

/* Begin PBXProject section */
		BD79F8C725DF99C500097FA3 /* Project object */ = {
			isa = PBXProject;
			attributes = {
				LastSwiftUpdateCheck = 1240;
				LastUpgradeCheck = 1240;
				TargetAttributes = {
					BD79F8CE25DF99C500097FA3 = {
						CreatedOnToolsVersion = 12.4;
					};
				};
			};
			buildConfigurationList = BD79F8CA25DF99C500097FA3 /* Build configuration list for PBXProject "Timepage" */;
			compatibilityVersion = "Xcode 9.3";
			developmentRegion = en;
			hasScannedForEncodings = 0;
			knownRegions = (
				en,
				Base,
			);
			mainGroup = BD79F8C625DF99C500097FA3;
			productRefGroup = BD79F8D025DF99C500097FA3 /* Products */;
			projectDirPath = "";
			projectRoot = "";
			targets = (
				BD79F8CE25DF99C500097FA3 /* Timepage */,
			);
		};
/* End PBXProject section */

/* Begin PBXResourcesBuildPhase section */
		BD79F8CD25DF99C500097FA3 /* Resources */ = {
			isa = PBXResourcesBuildPhase;
			buildActionMask = 2147483647;
			files = (
				BD3EB86925EB4E9A00A70002 /* timepage-2020-01-14.png in Resources */,
				BD79F8DA25DF99C700097FA3 /* Preview Assets.xcassets in Resources */,
				BD79F8D725DF99C700097FA3 /* Assets.xcassets in Resources */,
			);
			runOnlyForDeploymentPostprocessing = 0;
		};
/* End PBXResourcesBuildPhase section */

/* Begin PBXSourcesBuildPhase section */
		BD79F8CB25DF99C500097FA3 /* Sources */ = {
			isa = PBXSourcesBuildPhase;
			buildActionMask = 2147483647;
			files = (
				BD79F8F425DF9F0E00097FA3 /* Structs.swift in Sources */,
				BD79F8F125DF9E9700097FA3 /* SettingsView.swift in Sources */,
				BD79F8F825DFC28F00097FA3 /* CalendarListView.swift in Sources */,
				BD79F90F25E1796E00097FA3 /* ScrollView.swift in Sources */,
				BD79F8EE25DF9E6D00097FA3 /* DailyView.swift in Sources */,
				BD100C7425E5031C002BC753 /* EventDetailView.swift in Sources */,
				BD79F8D525DF99C500097FA3 /* ContentView.swift in Sources */,
				BD79F90125E0210600097FA3 /* Calendar.swift in Sources */,
				BD8E864025E7ECCA000EBFD0 /* ClearBackgroundView.swift in Sources */,
				BD79F91425E206B600097FA3 /* OnAnimationEnds.swift in Sources */,
				BD79F8D325DF99C500097FA3 /* TimepageApp.swift in Sources */,
				BD79F91725E2AF2200097FA3 /* DayOverView.swift in Sources */,
				BD79F8E425DF9B9F00097FA3 /* Parameters.swift in Sources */,
				BDACDE4B25EB411A0094759F /* NewEventView.swift in Sources */,
				BD79F8EB25DF9E3400097FA3 /* MonthlyView.swift in Sources */,
			);
			runOnlyForDeploymentPostprocessing = 0;
		};
/* End PBXSourcesBuildPhase section */

/* Begin XCBuildConfiguration section */
		BD79F8DD25DF99C700097FA3 /* Debug */ = {
			isa = XCBuildConfiguration;
			buildSettings = {
				ALWAYS_SEARCH_USER_PATHS = NO;
				CLANG_ANALYZER_NONNULL = YES;
				CLANG_ANALYZER_NUMBER_OBJECT_CONVERSION = YES_AGGRESSIVE;
				CLANG_CXX_LANGUAGE_STANDARD = "gnu++14";
				CLANG_CXX_LIBRARY = "libc++";
				CLANG_ENABLE_MODULES = YES;
				CLANG_ENABLE_OBJC_ARC = YES;
				CLANG_ENABLE_OBJC_WEAK = YES;
				CLANG_WARN_BLOCK_CAPTURE_AUTORELEASING = YES;
				CLANG_WARN_BOOL_CONVERSION = YES;
				CLANG_WARN_COMMA = YES;
				CLANG_WARN_CONSTANT_CONVERSION = YES;
				CLANG_WARN_DEPRECATED_OBJC_IMPLEMENTATIONS = YES;
				CLANG_WARN_DIRECT_OBJC_ISA_USAGE = YES_ERROR;
				CLANG_WARN_DOCUMENTATION_COMMENTS = YES;
				CLANG_WARN_EMPTY_BODY = YES;
				CLANG_WARN_ENUM_CONVERSION = YES;
				CLANG_WARN_INFINITE_RECURSION = YES;
				CLANG_WARN_INT_CONVERSION = YES;
				CLANG_WARN_NON_LITERAL_NULL_CONVERSION = YES;
				CLANG_WARN_OBJC_IMPLICIT_RETAIN_SELF = YES;
				CLANG_WARN_OBJC_LITERAL_CONVERSION = YES;
				CLANG_WARN_OBJC_ROOT_CLASS = YES_ERROR;
				CLANG_WARN_QUOTED_INCLUDE_IN_FRAMEWORK_HEADER = YES;
				CLANG_WARN_RANGE_LOOP_ANALYSIS = YES;
				CLANG_WARN_STRICT_PROTOTYPES = YES;
				CLANG_WARN_SUSPICIOUS_MOVE = YES;
				CLANG_WARN_UNGUARDED_AVAILABILITY = YES_AGGRESSIVE;
				CLANG_WARN_UNREACHABLE_CODE = YES;
				CLANG_WARN__DUPLICATE_METHOD_MATCH = YES;
				COPY_PHASE_STRIP = NO;
				DEBUG_INFORMATION_FORMAT = dwarf;
				ENABLE_STRICT_OBJC_MSGSEND = YES;
				ENABLE_TESTABILITY = YES;
				GCC_C_LANGUAGE_STANDARD = gnu11;
				GCC_DYNAMIC_NO_PIC = NO;
				GCC_NO_COMMON_BLOCKS = YES;
				GCC_OPTIMIZATION_LEVEL = 0;
				GCC_PREPROCESSOR_DEFINITIONS = (
					"DEBUG=1",
					"$(inherited)",
				);
				GCC_WARN_64_TO_32_BIT_CONVERSION = YES;
				GCC_WARN_ABOUT_RETURN_TYPE = YES_ERROR;
				GCC_WARN_UNDECLARED_SELECTOR = YES;
				GCC_WARN_UNINITIALIZED_AUTOS = YES_AGGRESSIVE;
				GCC_WARN_UNUSED_FUNCTION = YES;
				GCC_WARN_UNUSED_VARIABLE = YES;
				MACOSX_DEPLOYMENT_TARGET = 11.1;
				MTL_ENABLE_DEBUG_INFO = INCLUDE_SOURCE;
				MTL_FAST_MATH = YES;
				ONLY_ACTIVE_ARCH = YES;
				SDKROOT = macosx;
				SWIFT_ACTIVE_COMPILATION_CONDITIONS = DEBUG;
				SWIFT_OPTIMIZATION_LEVEL = "-Onone";
			};
			name = Debug;
		};
		BD79F8DE25DF99C700097FA3 /* Release */ = {
			isa = XCBuildConfiguration;
			buildSettings = {
				ALWAYS_SEARCH_USER_PATHS = NO;
				CLANG_ANALYZER_NONNULL = YES;
				CLANG_ANALYZER_NUMBER_OBJECT_CONVERSION = YES_AGGRESSIVE;
				CLANG_CXX_LANGUAGE_STANDARD = "gnu++14";
				CLANG_CXX_LIBRARY = "libc++";
				CLANG_ENABLE_MODULES = YES;
				CLANG_ENABLE_OBJC_ARC = YES;
				CLANG_ENABLE_OBJC_WEAK = YES;
				CLANG_WARN_BLOCK_CAPTURE_AUTORELEASING = YES;
				CLANG_WARN_BOOL_CONVERSION = YES;
				CLANG_WARN_COMMA = YES;
				CLANG_WARN_CONSTANT_CONVERSION = YES;
				CLANG_WARN_DEPRECATED_OBJC_IMPLEMENTATIONS = YES;
				CLANG_WARN_DIRECT_OBJC_ISA_USAGE = YES_ERROR;
				CLANG_WARN_DOCUMENTATION_COMMENTS = YES;
				CLANG_WARN_EMPTY_BODY = YES;
				CLANG_WARN_ENUM_CONVERSION = YES;
				CLANG_WARN_INFINITE_RECURSION = YES;
				CLANG_WARN_INT_CONVERSION = YES;
				CLANG_WARN_NON_LITERAL_NULL_CONVERSION = YES;
				CLANG_WARN_OBJC_IMPLICIT_RETAIN_SELF = YES;
				CLANG_WARN_OBJC_LITERAL_CONVERSION = YES;
				CLANG_WARN_OBJC_ROOT_CLASS = YES_ERROR;
				CLANG_WARN_QUOTED_INCLUDE_IN_FRAMEWORK_HEADER = YES;
				CLANG_WARN_RANGE_LOOP_ANALYSIS = YES;
				CLANG_WARN_STRICT_PROTOTYPES = YES;
				CLANG_WARN_SUSPICIOUS_MOVE = YES;
				CLANG_WARN_UNGUARDED_AVAILABILITY = YES_AGGRESSIVE;
				CLANG_WARN_UNREACHABLE_CODE = YES;
				CLANG_WARN__DUPLICATE_METHOD_MATCH = YES;
				COPY_PHASE_STRIP = NO;
				DEBUG_INFORMATION_FORMAT = "dwarf-with-dsym";
				ENABLE_NS_ASSERTIONS = NO;
				ENABLE_STRICT_OBJC_MSGSEND = YES;
				GCC_C_LANGUAGE_STANDARD = gnu11;
				GCC_NO_COMMON_BLOCKS = YES;
				GCC_WARN_64_TO_32_BIT_CONVERSION = YES;
				GCC_WARN_ABOUT_RETURN_TYPE = YES_ERROR;
				GCC_WARN_UNDECLARED_SELECTOR = YES;
				GCC_WARN_UNINITIALIZED_AUTOS = YES_AGGRESSIVE;
				GCC_WARN_UNUSED_FUNCTION = YES;
				GCC_WARN_UNUSED_VARIABLE = YES;
				MACOSX_DEPLOYMENT_TARGET = 11.1;
				MTL_ENABLE_DEBUG_INFO = NO;
				MTL_FAST_MATH = YES;
				SDKROOT = macosx;
				SWIFT_COMPILATION_MODE = wholemodule;
				SWIFT_OPTIMIZATION_LEVEL = "-O";
			};
			name = Release;
		};
		BD79F8E025DF99C700097FA3 /* Debug */ = {
			isa = XCBuildConfiguration;
			buildSettings = {
				ASSETCATALOG_COMPILER_APPICON_NAME = AppIcon;
				ASSETCATALOG_COMPILER_GLOBAL_ACCENT_COLOR_NAME = AccentColor;
				CODE_SIGN_ENTITLEMENTS = Timepage/Timepage.entitlements;
				CODE_SIGN_IDENTITY = "Apple Development";
				CODE_SIGN_STYLE = Automatic;
				COMBINE_HIDPI_IMAGES = YES;
				DEVELOPMENT_ASSET_PATHS = "\"Timepage/Preview Content\"";
				DEVELOPMENT_TEAM = 4TGG2XWB65;
				ENABLE_HARDENED_RUNTIME = YES;
				ENABLE_PREVIEWS = YES;
				INFOPLIST_FILE = Timepage/Info.plist;
				LD_RUNPATH_SEARCH_PATHS = (
					"$(inherited)",
					"@executable_path/../Frameworks",
				);
				MACOSX_DEPLOYMENT_TARGET = 11.0;
				MARKETING_VERSION = 1.0.1;
				PRODUCT_BUNDLE_IDENTIFIER = Rogerchenchen.Timepage;
				PRODUCT_NAME = "$(TARGET_NAME)";
				SWIFT_VERSION = 5.0;
			};
			name = Debug;
		};
		BD79F8E125DF99C700097FA3 /* Release */ = {
			isa = XCBuildConfiguration;
			buildSettings = {
				ASSETCATALOG_COMPILER_APPICON_NAME = AppIcon;
				ASSETCATALOG_COMPILER_GLOBAL_ACCENT_COLOR_NAME = AccentColor;
				CODE_SIGN_ENTITLEMENTS = Timepage/Timepage.entitlements;
				CODE_SIGN_IDENTITY = "Apple Development";
				CODE_SIGN_STYLE = Automatic;
				COMBINE_HIDPI_IMAGES = YES;
				DEVELOPMENT_ASSET_PATHS = "\"Timepage/Preview Content\"";
				DEVELOPMENT_TEAM = 4TGG2XWB65;
				ENABLE_HARDENED_RUNTIME = YES;
				ENABLE_PREVIEWS = YES;
				INFOPLIST_FILE = Timepage/Info.plist;
				LD_RUNPATH_SEARCH_PATHS = (
					"$(inherited)",
					"@executable_path/../Frameworks",
				);
				MACOSX_DEPLOYMENT_TARGET = 11.0;
				MARKETING_VERSION = 1.0.1;
				PRODUCT_BUNDLE_IDENTIFIER = Rogerchenchen.Timepage;
				PRODUCT_NAME = "$(TARGET_NAME)";
				SWIFT_VERSION = 5.0;
			};
			name = Release;
		};
/* End XCBuildConfiguration section */

/* Begin XCConfigurationList section */
		BD79F8CA25DF99C500097FA3 /* Build configuration list for PBXProject "Timepage" */ = {
			isa = XCConfigurationList;
			buildConfigurations = (
				BD79F8DD25DF99C700097FA3 /* Debug */,
				BD79F8DE25DF99C700097FA3 /* Release */,
			);
			defaultConfigurationIsVisible = 0;
			defaultConfigurationName = Release;
		};
		BD79F8DF25DF99C700097FA3 /* Build configuration list for PBXNativeTarget "Timepage" */ = {
			isa = XCConfigurationList;
			buildConfigurations = (
				BD79F8E025DF99C700097FA3 /* Debug */,
				BD79F8E125DF99C700097FA3 /* Release */,
			);
			defaultConfigurationIsVisible = 0;
			defaultConfigurationName = Release;
		};
/* End XCConfigurationList section */
	};
	rootObject = BD79F8C725DF99C500097FA3 /* Project object */;
}
